
Microsoft Visual Studio Solution File, Format Version 12.00
# Visual Studio Version 18
VisualStudioVersion = 18.5.11723.231
MinimumVisualStudioVersion = 10.0.40219.1
Project("{2150E333-8FDC-42A3-9474-1A3956D46DE8}") = "src", "src", "{827E0CD3-B72D-47B6-A68D-7590B98EB39B}"
EndProject
Project("{FAE04EC0-301F-11D3-BF4B-00C04F79EFBC}") = "Course.Domain", "src\Course.Domain\Course.Domain.csproj", "{A7A34DF5-19AB-4527-80D7-736F30F57890}"
EndProject
Project("{FAE04EC0-301F-11D3-BF4B-00C04F79EFBC}") = "Course.Application", "src\Course.Application\Course.Application.csproj", "{986EEC4D-354C-4195-8A9C-63C4D223D243}"
EndProject
Project("{FAE04EC0-301F-11D3-BF4B-00C04F79EFBC}") = "Course.Infrastructure", "src\Course.Infrastructure\Course.Infrastructure.csproj", "{B82942A9-5A28-40E6-A1DC-91C6D17A6B46}"
EndProject
Project("{FAE04EC0-301F-11D3-BF4B-00C04F79EFBC}") = "Course.Api", "src\Course.Api\Course.Api.csproj", "{CEFF6D2D-AC69-4DAE-90D6-02A4AB8BE4D7}"
EndProject
Project("{FAE04EC0-301F-11D3-BF4B-00C04F79EFBC}") = "Course.Web", "src\Course.Web\Course.Web.csproj", "{68596E74-6C8F-40E3-96AA-E71AFBAA068E}"
EndProject
Project("{2150E333-8FDC-42A3-9474-1A3956D46DE8}") = "tests", "tests", "{0AB3BF05-4346-4AA6-1389-037BE0695223}"
EndProject
Project("{FAE04EC0-301F-11D3-BF4B-00C04F79EFBC}") = "Course.Domain.UnitTest", "tests\Course.Domain.UnitTest\Course.Domain.UnitTest.csproj", "{580D1360-F96F-4C9E-9D79-60201D3B0F4C}"
EndProject
Project("{FAE04EC0-301F-11D3-BF4B-00C04F79EFBC}") = "Course.Application.UnitTest", "tests\Course.Application.UnitTest\Course.Application.UnitTest.csproj", "{E1CA2FD9-12F6-42EA-974C-3A6E0AEB0412}"
EndProject
Project("{FAE04EC0-301F-11D3-BF4B-00C04F79EFBC}") = "Course.Infrastructure.UnitTest", "tests\Course.Infrastructure.UnitTest\Course.Infrastructure.UnitTest.csproj", "{D1DB96CD-A620-4144-A8ED-8728628F7511}"
EndProject
Project("{FAE04EC0-301F-11D3-BF4B-00C04F79EFBC}") = "Course.Api.UnitTest", "tests\Course.Api.UnitTest\Course.Api.UnitTest.csproj", "{C10CD8CF-D3D5-48D0-8AFF-A15094F0CAE8}"
EndProject
Project("{FAE04EC0-301F-11D3-BF4B-00C04F79EFBC}") = "Course.Web.UnitTest", "tests\Course.Web.UnitTest\Course.Web.UnitTest.csproj", "{DACDDA69-9FA5-41B3-A367-E66C200ED9A8}"
EndProject
Global
	GlobalSection(SolutionConfigurationPlatforms) = preSolution
		Debug|Any CPU = Debug|Any CPU
		Debug|x64 = Debug|x64
		Debug|x86 = Debug|x86
		Release|Any CPU = Release|Any CPU
		Release|x64 = Release|x64
		Release|x86 = Release|x86
	EndGlobalSection
	GlobalSection(ProjectConfigurationPlatforms) = postSolution
		{A7A34DF5-19AB-4527-80D7-736F30F57890}.Debug|Any CPU.ActiveCfg = Debug|Any CPU
		{A7A34DF5-19AB-4527-80D7-736F30F57890}.Debug|Any CPU.Build.0 = Debug|Any CPU
		{A7A34DF5-19AB-4527-80D7-736F30F57890}.Debug|x64.ActiveCfg = Debug|Any CPU
		{A7A34DF5-19AB-4527-80D7-736F30F57890}.Debug|x64.Build.0 = Debug|Any CPU
		{A7A34DF5-19AB-4527-80D7-736F30F57890}.Debug|x86.ActiveCfg = Debug|Any CPU
		{A7A34DF5-19AB-4527-80D7-736F30F57890}.Debug|x86.Build.0 = Debug|Any CPU
		{A7A34DF5-19AB-4527-80D7-736F30F57890}.Release|Any CPU.ActiveCfg = Release|Any CPU
		{A7A34DF5-19AB-4527-80D7-736F30F57890}.Release|Any CPU.Build.0 = Release|Any CPU
		{A7A34DF5-19AB-4527-80D7-736F30F57890}.Release|x64.ActiveCfg = Release|Any CPU
		{A7A34DF5-19AB-4527-80D7-736F30F57890}.Release|x64.Build.0 = Release|Any CPU
		{A7A34DF5-19AB-4527-80D7-736F30F57890}.Release|x86.ActiveCfg = Release|Any CPU
		{A7A34DF5-19AB-4527-80D7-736F30F57890}.Release|x86.Build.0 = Release|Any CPU
		{986EEC4D-354C-4195-8A9C-63C4D223D243}.Debug|Any CPU.ActiveCfg = Debug|Any CPU
		{986EEC4D-354C-4195-8A9C-63C4D223D243}.Debug|Any CPU.Build.0 = Debug|Any CPU
		{986EEC4D-354C-4195-8A9C-63C4D223D243}.Debug|x64.ActiveCfg = Debug|Any CPU
		{986EEC4D-354C-4195-8A9C-63C4D223D243}.Debug|x64.Build.0 = Debug|Any CPU
		{986EEC4D-354C-4195-8A9C-63C4D223D243}.Debug|x86.ActiveCfg = Debug|Any CPU
		{986EEC4D-354C-4195-8A9C-63C4D223D243}.Debug|x86.Build.0 = Debug|Any CPU
		{986EEC4D-354C-4195-8A9C-63C4D223D243}.Release|Any CPU.ActiveCfg = Release|Any CPU
		{986EEC4D-354C-4195-8A9C-63C4D223D243}.Release|Any CPU.Build.0 = Release|Any CPU
		{986EEC4D-354C-4195-8A9C-63C4D223D243}.Release|x64.ActiveCfg = Release|Any CPU
		{986EEC4D-354C-4195-8A9C-63C4D223D243}.Release|x64.Build.0 = Release|Any CPU
		{986EEC4D-354C-4195-8A9C-63C4D223D243}.Release|x86.ActiveCfg = Release|Any CPU
		{986EEC4D-354C-4195-8A9C-63C4D223D243}.Release|x86.Build.0 = Release|Any CPU
		{B82942A9-5A28-40E6-A1DC-91C6D17A6B46}.Debug|Any CPU.ActiveCfg = Debug|Any CPU
		{B82942A9-5A28-40E6-A1DC-91C6D17A6B46}.Debug|Any CPU.Build.0 = Debug|Any CPU
		{B82942A9-5A28-40E6-A1DC-91C6D17A6B46}.Debug|x64.ActiveCfg = Debug|Any CPU
		{B82942A9-5A28-40E6-A1DC-91C6D17A6B46}.Debug|x64.Build.0 = Debug|Any CPU
		{B82942A9-5A28-40E6-A1DC-91C6D17A6B46}.Debug|x86.ActiveCfg = Debug|Any CPU
		{B82942A9-5A28-40E6-A1DC-91C6D17A6B46}.Debug|x86.Build.0 = Debug|Any CPU
		{B82942A9-5A28-40E6-A1DC-91C6D17A6B46}.Release|Any CPU.ActiveCfg = Release|Any CPU
		{B82942A9-5A28-40E6-A1DC-91C6D17A6B46}.Release|Any CPU.Build.0 = Release|Any CPU
		{B82942A9-5A28-40E6-A1DC-91C6D17A6B46}.Release|x64.ActiveCfg = Release|Any CPU
		{B82942A9-5A28-40E6-A1DC-91C6D17A6B46}.Release|x64.Build.0 = Release|Any CPU
		{B82942A9-5A28-40E6-A1DC-91C6D17A6B46}.Release|x86.ActiveCfg = Release|Any CPU
		{B82942A9-5A28-40E6-A1DC-91C6D17A6B46}.Release|x86.Build.0 = Release|Any CPU
		{CEFF6D2D-AC69-4DAE-90D6-02A4AB8BE4D7}.Debug|Any CPU.ActiveCfg = Debug|Any CPU
		{CEFF6D2D-AC69-4DAE-90D6-02A4AB8BE4D7}.Debug|Any CPU.Build.0 = Debug|Any CPU
		{CEFF6D2D-AC69-4DAE-90D6-02A4AB8BE4D7}.Debug|x64.ActiveCfg = Debug|Any CPU
		{CEFF6D2D-AC69-4DAE-90D6-02A4AB8BE4D7}.Debug|x64.Build.0 = Debug|Any CPU
		{CEFF6D2D-AC69-4DAE-90D6-02A4AB8BE4D7}.Debug|x86.ActiveCfg = Debug|Any CPU
		{CEFF6D2D-AC69-4DAE-90D6-02A4AB8BE4D7}.Debug|x86.Build.0 = Debug|Any CPU
		{CEFF6D2D-AC69-4DAE-90D6-02A4AB8BE4D7}.Release|Any CPU.ActiveCfg = Release|Any CPU
		{CEFF6D2D-AC69-4DAE-90D6-02A4AB8BE4D7}.Release|Any CPU.Build.0 = Release|Any CPU
		{CEFF6D2D-AC69-4DAE-90D6-02A4AB8BE4D7}.Release|x64.ActiveCfg = Release|Any CPU
		{CEFF6D2D-AC69-4DAE-90D6-02A4AB8BE4D7}.Release|x64.Build.0 = Release|Any CPU
		{CEFF6D2D-AC69-4DAE-90D6-02A4AB8BE4D7}.Release|x86.ActiveCfg = Release|Any CPU
		{CEFF6D2D-AC69-4DAE-90D6-02A4AB8BE4D7}.Release|x86.Build.0 = Release|Any CPU
		{68596E74-6C8F-40E3-96AA-E71AFBAA068E}.Debug|Any CPU.ActiveCfg = Debug|Any CPU
		{68596E74-6C8F-40E3-96AA-E71AFBAA068E}.Debug|Any CPU.Build.0 = Debug|Any CPU
		{68596E74-6C8F-40E3-96AA-E71AFBAA068E}.Debug|x64.ActiveCfg = Debug|Any CPU
		{68596E74-6C8F-40E3-96AA-E71AFBAA068E}.Debug|x64.Build.0 = Debug|Any CPU
		{68596E74-6C8F-40E3-96AA-E71AFBAA068E}.Debug|x86.ActiveCfg = Debug|Any CPU
		{68596E74-6C8F-40E3-96AA-E71AFBAA068E}.Debug|x86.Build.0 = Debug|Any CPU
		{68596E74-6C8F-40E3-96AA-E71AFBAA068E}.Release|Any CPU.ActiveCfg = Release|Any CPU
		{68596E74-6C8F-40E3-96AA-E71AFBAA068E}.Release|Any CPU.Build.0 = Release|Any CPU
		{68596E74-6C8F-40E3-96AA-E71AFBAA068E}.Release|x64.ActiveCfg = Release|Any CPU
		{68596E74-6C8F-40E3-96AA-E71AFBAA068E}.Release|x64.Build.0 = Release|Any CPU
		{68596E74-6C8F-40E3-96AA-E71AFBAA068E}.Release|x86.ActiveCfg = Release|Any CPU
		{68596E74-6C8F-40E3-96AA-E71AFBAA068E}.Release|x86.Build.0 = Release|Any CPU
		{580D1360-F96F-4C9E-9D79-60201D3B0F4C}.Debug|Any CPU.ActiveCfg = Debug|Any CPU
		{580D1360-F96F-4C9E-9D79-60201D3B0F4C}.Debug|Any CPU.Build.0 = Debug|Any CPU
		{580D1360-F96F-4C9E-9D79-60201D3B0F4C}.Debug|x64.ActiveCfg = Debug|Any CPU
		{580D1360-F96F-4C9E-9D79-60201D3B0F4C}.Debug|x64.Build.0 = Debug|Any CPU
		{580D1360-F96F-4C9E-9D79-60201D3B0F4C}.Debug|x86.ActiveCfg = Debug|Any CPU
		{580D1360-F96F-4C9E-9D79-60201D3B0F4C}.Debug|x86.Build.0 = Debug|Any CPU
		{580D1360-F96F-4C9E-9D79-60201D3B0F4C}.Release|Any CPU.ActiveCfg = Release|Any CPU
		{580D1360-F96F-4C9E-9D79-60201D3B0F4C}.Release|Any CPU.Build.0 = Release|Any CPU
		{580D1360-F96F-4C9E-9D79-60201D3B0F4C}.Release|x64.ActiveCfg = Release|Any CPU
		{580D1360-F96F-4C9E-9D79-60201D3B0F4C}.Release|x64.Build.0 = Release|Any CPU
		{580D1360-F96F-4C9E-9D79-60201D3B0F4C}.Release|x86.ActiveCfg = Release|Any CPU
		{580D1360-F96F-4C9E-9D79-60201D3B0F4C}.Release|x86.Build.0 = Release|Any CPU
		{E1CA2FD9-12F6-42EA-974C-3A6E0AEB0412}.Debug|Any CPU.ActiveCfg = Debug|Any CPU
		{E1CA2FD9-12F6-42EA-974C-3A6E0AEB0412}.Debug|Any CPU.Build.0 = Debug|Any CPU
		{E1CA2FD9-12F6-42EA-974C-3A6E0AEB0412}.Debug|x64.ActiveCfg = Debug|Any CPU
		{E1CA2FD9-12F6-42EA-974C-3A6E0AEB0412}.Debug|x64.Build.0 = Debug|Any CPU
		{E1CA2FD9-12F6-42EA-974C-3A6E0AEB0412}.Debug|x86.ActiveCfg = Debug|Any CPU
		{E1CA2FD9-12F6-42EA-974C-3A6E0AEB0412}.Debug|x86.Build.0 = Debug|Any CPU
		{E1CA2FD9-12F6-42EA-974C-3A6E0AEB0412}.Release|Any CPU.ActiveCfg = Release|Any CPU
		{E1CA2FD9-12F6-42EA-974C-3A6E0AEB0412}.Release|Any CPU.Build.0 = Release|Any CPU
		{E1CA2FD9-12F6-42EA-974C-3A6E0AEB0412}.Release|x64.ActiveCfg = Release|Any CPU
		{E1CA2FD9-12F6-42EA-974C-3A6E0AEB0412}.Release|x64.Build.0 = Release|Any CPU
		{E1CA2FD9-12F6-42EA-974C-3A6E0AEB0412}.Release|x86.ActiveCfg = Release|Any CPU
		{E1CA2FD9-12F6-42EA-974C-3A6E0AEB0412}.Release|x86.Build.0 = Release|Any CPU
		{D1DB96CD-A620-4144-A8ED-8728628F7511}.Debug|Any CPU.ActiveCfg = Debug|Any CPU
		{D1DB96CD-A620-4144-A8ED-8728628F7511}.Debug|Any CPU.Build.0 = Debug|Any CPU
		{D1DB96CD-A620-4144-A8ED-8728628F7511}.Debug|x64.ActiveCfg = Debug|Any CPU
		{D1DB96CD-A620-4144-A8ED-8728628F7511}.Debug|x64.Build.0 = Debug|Any CPU
		{D1DB96CD-A620-4144-A8ED-8728628F7511}.Debug|x86.ActiveCfg = Debug|Any CPU
		{D1DB96CD-A620-4144-A8ED-8728628F7511}.Debug|x86.Build.0 = Debug|Any CPU
		{D1DB96CD-A620-4144-A8ED-8728628F7511}.Release|Any CPU.ActiveCfg = Release|Any CPU
		{D1DB96CD-A620-4144-A8ED-8728628F7511}.Release|Any CPU.Build.0 = Release|Any CPU
		{D1DB96CD-A620-4144-A8ED-8728628F7511}.Release|x64.ActiveCfg = Release|Any CPU
		{D1DB96CD-A620-4144-A8ED-8728628F7511}.Release|x64.Build.0 = Release|Any CPU
		{D1DB96CD-A620-4144-A8ED-8728628F7511}.Release|x86.ActiveCfg = Release|Any CPU
		{D1DB96CD-A620-4144-A8ED-8728628F7511}.Release|x86.Build.0 = Release|Any CPU
		{C10CD8CF-D3D5-48D0-8AFF-A15094F0CAE8}.Debug|Any CPU.ActiveCfg = Debug|Any CPU
		{C10CD8CF-D3D5-48D0-8AFF-A15094F0CAE8}.Debug|Any CPU.Build.0 = Debug|Any CPU
		{C10CD8CF-D3D5-48D0-8AFF-A15094F0CAE8}.Debug|x64.ActiveCfg = Debug|Any CPU
		{C10CD8CF-D3D5-48D0-8AFF-A15094F0CAE8}.Debug|x64.Build.0 = Debug|Any CPU
		{C10CD8CF-D3D5-48D0-8AFF-A15094F0CAE8}.Debug|x86.ActiveCfg = Debug|Any CPU
		{C10CD8CF-D3D5-48D0-8AFF-A15094F0CAE8}.Debug|x86.Build.0 = Debug|Any CPU
		{C10CD8CF-D3D5-48D0-8AFF-A15094F0CAE8}.Release|Any CPU.ActiveCfg = Release|Any CPU
		{C10CD8CF-D3D5-48D0-8AFF-A15094F0CAE8}.Release|Any CPU.Build.0 = Release|Any CPU
		{C10CD8CF-D3D5-48D0-8AFF-A15094F0CAE8}.Release|x64.ActiveCfg = Release|Any CPU
		{C10CD8CF-D3D5-48D0-8AFF-A15094F0CAE8}.Release|x64.Build.0 = Release|Any CPU
		{C10CD8CF-D3D5-48D0-8AFF-A15094F0CAE8}.Release|x86.ActiveCfg = Release|Any CPU
		{C10CD8CF-D3D5-48D0-8AFF-A15094F0CAE8}.Release|x86.Build.0 = Release|Any CPU
		{DACDDA69-9FA5-41B3-A367-E66C200ED9A8}.Debug|Any CPU.ActiveCfg = Debug|Any CPU
		{DACDDA69-9FA5-41B3-A367-E66C200ED9A8}.Debug|Any CPU.Build.0 = Debug|Any CPU
		{DACDDA69-9FA5-41B3-A367-E66C200ED9A8}.Debug|x64.ActiveCfg = Debug|Any CPU
		{DACDDA69-9FA5-41B3-A367-E66C200ED9A8}.Debug|x64.Build.0 = Debug|Any CPU
		{DACDDA69-9FA5-41B3-A367-E66C200ED9A8}.Debug|x86.ActiveCfg = Debug|Any CPU
		{DACDDA69-9FA5-41B3-A367-E66C200ED9A8}.Debug|x86.Build.0 = Debug|Any CPU
		{DACDDA69-9FA5-41B3-A367-E66C200ED9A8}.Release|Any CPU.ActiveCfg = Release|Any CPU
		{DACDDA69-9FA5-41B3-A367-E66C200ED9A8}.Release|Any CPU.Build.0 = Release|Any CPU
		{DACDDA69-9FA5-41B3-A367-E66C200ED9A8}.Release|x64.ActiveCfg = Release|Any CPU
		{DACDDA69-9FA5-41B3-A367-E66C200ED9A8}.Release|x64.Build.0 = Release|Any CPU
		{DACDDA69-9FA5-41B3-A367-E66C200ED9A8}.Release|x86.ActiveCfg = Release|Any CPU
		{DACDDA69-9FA5-41B3-A367-E66C200ED9A8}.Release|x86.Build.0 = Release|Any CPU
	EndGlobalSection
	GlobalSection(SolutionProperties) = preSolution
		HideSolutionNode = FALSE
	EndGlobalSection
	GlobalSection(NestedProjects) = preSolution
		{A7A34DF5-19AB-4527-80D7-736F30F57890} = {827E0CD3-B72D-47B6-A68D-7590B98EB39B}
		{986EEC4D-354C-4195-8A9C-63C4D223D243} = {827E0CD3-B72D-47B6-A68D-7590B98EB39B}
		{B82942A9-5A28-40E6-A1DC-91C6D17A6B46} = {827E0CD3-B72D-47B6-A68D-7590B98EB39B}
		{CEFF6D2D-AC69-4DAE-90D6-02A4AB8BE4D7} = {827E0CD3-B72D-47B6-A68D-7590B98EB39B}
		{68596E74-6C8F-40E3-96AA-E71AFBAA068E} = {827E0CD3-B72D-47B6-A68D-7590B98EB39B}
		{580D1360-F96F-4C9E-9D79-60201D3B0F4C} = {0AB3BF05-4346-4AA6-1389-037BE0695223}
		{E1CA2FD9-12F6-42EA-974C-3A6E0AEB0412} = {0AB3BF05-4346-4AA6-1389-037BE0695223}
		{D1DB96CD-A620-4144-A8ED-8728628F7511} = {0AB3BF05-4346-4AA6-1389-037BE0695223}
		{C10CD8CF-D3D5-48D0-8AFF-A15094F0CAE8} = {0AB3BF05-4346-4AA6-1389-037BE0695223}
		{DACDDA69-9FA5-41B3-A367-E66C200ED9A8} = {0AB3BF05-4346-4AA6-1389-037BE0695223}
	EndGlobalSection
	GlobalSection(ExtensibilityGlobals) = postSolution
		SolutionGuid = {82265514-5B27-4141-BB50-EAED15D1CDB3}
	EndGlobalSection
EndGlobal
