
Microsoft Visual Studio Solution File, Format Version 12.00
# Visual Studio Version 17
VisualStudioVersion = 17.0.31903.59
MinimumVisualStudioVersion = 10.0.40219.1
Project("{2150E333-8FDC-42A3-9474-1A3956D46DE8}") = "src", "src", "{827E0CD3-B72D-47B6-A68D-7590B98EB39B}"
EndProject
Project("{FAE04EC0-301F-11D3-BF4B-00C04F79EFBC}") = "Course.Domain", "src\Course.Domain\Course.Domain.csproj", "{A7A34DF5-19AB-4527-80D7-736F30F57890}"
EndProject
Project("{FAE04EC0-301F-11D3-BF4B-00C04F79EFBC}") = "Course.Application", "src\Course.Application\Course.Application.csproj", "{986EEC4D-354C-4195-8A9C-63C4D223D243}"
EndProject
Project("{FAE04EC0-301F-11D3-BF4B-00C04F79EFBC}") = "Course.Infrastructure", "src\Course.Infrastructure\Course.Infrastructure.csproj", "{B82942A9-5A28-40E6-A1DC-91C6D17A6B46}"
EndProject
Project("{FAE04EC0-301F-11D3-BF4B-00C04F79EFBC}") = "Course.Api", "src\Course.Api\Course.Api.csproj", "{CEFF6D2D-AC69-4DAE-90D6-02A4AB8BE4D7}"
EndProject
Project("{2150E333-8FDC-42A3-9474-1A3956D46DE8}") = "tests", "tests", "{0AB3BF05-4346-4AA6-1389-037BE0695223}"
EndProject
Project("{2150E333-8FDC-42A3-9474-1A3956D46DE8}") = "01-UnitTests", "01-UnitTests", "{A9BCC9B1-8C24-AF20-8495-6632BDBA92FC}"
EndProject
Project("{FAE04EC0-301F-11D3-BF4B-00C04F79EFBC}") = "Course.UnitTests", "tests\01-UnitTests\Course.UnitTests\Course.UnitTests.csproj", "{1498CE08-94CF-4B4A-A2C1-5787D98A404B}"
EndProject
Project("{2150E333-8FDC-42A3-9474-1A3956D46DE8}") = "02-Mocking", "02-Mocking", "{9BBC86EB-7377-1CA5-5823-B17B9F32D1D8}"
EndProject
Project("{FAE04EC0-301F-11D3-BF4B-00C04F79EFBC}") = "Course.MockingTests", "tests\02-Mocking\Course.MockingTests\Course.MockingTests.csproj", "{C74166ED-BFCF-4EC5-91AB-3BBBD483E6BE}"
EndProject
Project("{2150E333-8FDC-42A3-9474-1A3956D46DE8}") = "03-IntegrationTests", "03-IntegrationTests", "{ABE259AD-A113-EEB2-4E8E-593A72DF8972}"
EndProject
Project("{FAE04EC0-301F-11D3-BF4B-00C04F79EFBC}") = "Course.IntegrationTests", "tests\03-IntegrationTests\Course.IntegrationTests\Course.IntegrationTests.csproj", "{37703123-E03C-4B93-A77B-109F554E7BB1}"
EndProject
Project("{2150E333-8FDC-42A3-9474-1A3956D46DE8}") = "04-SmokeTests", "04-SmokeTests", "{EEA067D6-3F42-08E2-0A94-13FB9A9C74F7}"
EndProject
Project("{FAE04EC0-301F-11D3-BF4B-00C04F79EFBC}") = "Course.SmokeTests", "tests\04-SmokeTests\Course.SmokeTests\Course.SmokeTests.csproj", "{E533D650-B679-4871-A674-8F6515185585}"
EndProject
Project("{2150E333-8FDC-42A3-9474-1A3956D46DE8}") = "05-EndToEndTests", "05-EndToEndTests", "{C94B660C-A4E0-B095-65C2-9D3CE97E70A7}"
EndProject
Project("{FAE04EC0-301F-11D3-BF4B-00C04F79EFBC}") = "Course.E2ETests", "tests\05-EndToEndTests\Course.E2ETests\Course.E2ETests.csproj", "{4F94CCA6-A9CC-4E70-B05D-5A889A9FE047}"
EndProject
Project("{2150E333-8FDC-42A3-9474-1A3956D46DE8}") = "06-PerformanceTests", "06-PerformanceTests", "{5BE02CF7-F939-8E15-C4E4-B5948CD3C185}"
EndProject
Project("{FAE04EC0-301F-11D3-BF4B-00C04F79EFBC}") = "Course.PerformanceTests", "tests\06-PerformanceTests\Course.PerformanceTests\Course.PerformanceTests.csproj", "{46CA27C8-15AF-49E0-91E0-DBD88C0B1C25}"
EndProject
Project("{FAE04EC0-301F-11D3-BF4B-00C04F79EFBC}") = "Course.Web", "src\Course.Web\Course.Web.csproj", "{68596E74-6C8F-40E3-96AA-E71AFBAA068E}"
EndProject
Project("{2150E333-8FDC-42A3-9474-1A3956D46DE8}") = "08-FrontendTests", "08-FrontendTests", "{AB84A05B-775B-513D-B8D4-5D592E331817}"
EndProject
Project("{FAE04EC0-301F-11D3-BF4B-00C04F79EFBC}") = "Course.PlaywrightTests", "tests\08-FrontendTests\Course.PlaywrightTests\Course.PlaywrightTests.csproj", "{7658C296-567D-48CC-A6CB-831343B3477A}"
EndProject
Global
	GlobalSection(SolutionConfigurationPlatforms) = preSolution
		Debug|Any CPU = Debug|Any CPU
		Debug|x64 = Debug|x64
		Debug|x86 = Debug|x86
		Release|Any CPU = Release|Any CPU
		Release|x64 = Release|x64
		Release|x86 = Release|x86
	EndGlobalSection
	GlobalSection(ProjectConfigurationPlatforms) = postSolution
		{A7A34DF5-19AB-4527-80D7-736F30F57890}.Debug|Any CPU.ActiveCfg = Debug|Any CPU
		{A7A34DF5-19AB-4527-80D7-736F30F57890}.Debug|Any CPU.Build.0 = Debug|Any CPU
		{A7A34DF5-19AB-4527-80D7-736F30F57890}.Debug|x64.ActiveCfg = Debug|Any CPU
		{A7A34DF5-19AB-4527-80D7-736F30F57890}.Debug|x64.Build.0 = Debug|Any CPU
		{A7A34DF5-19AB-4527-80D7-736F30F57890}.Debug|x86.ActiveCfg = Debug|Any CPU
		{A7A34DF5-19AB-4527-80D7-736F30F57890}.Debug|x86.Build.0 = Debug|Any CPU
		{A7A34DF5-19AB-4527-80D7-736F30F57890}.Release|Any CPU.ActiveCfg = Release|Any CPU
		{A7A34DF5-19AB-4527-80D7-736F30F57890}.Release|Any CPU.Build.0 = Release|Any CPU
		{A7A34DF5-19AB-4527-80D7-736F30F57890}.Release|x64.ActiveCfg = Release|Any CPU
		{A7A34DF5-19AB-4527-80D7-736F30F57890}.Release|x64.Build.0 = Release|Any CPU
		{A7A34DF5-19AB-4527-80D7-736F30F57890}.Release|x86.ActiveCfg = Release|Any CPU
		{A7A34DF5-19AB-4527-80D7-736F30F57890}.Release|x86.Build.0 = Release|Any CPU
		{986EEC4D-354C-4195-8A9C-63C4D223D243}.Debug|Any CPU.ActiveCfg = Debug|Any CPU
		{986EEC4D-354C-4195-8A9C-63C4D223D243}.Debug|Any CPU.Build.0 = Debug|Any CPU
		{986EEC4D-354C-4195-8A9C-63C4D223D243}.Debug|x64.ActiveCfg = Debug|Any CPU
		{986EEC4D-354C-4195-8A9C-63C4D223D243}.Debug|x64.Build.0 = Debug|Any CPU
		{986EEC4D-354C-4195-8A9C-63C4D223D243}.Debug|x86.ActiveCfg = Debug|Any CPU
		{986EEC4D-354C-4195-8A9C-63C4D223D243}.Debug|x86.Build.0 = Debug|Any CPU
		{986EEC4D-354C-4195-8A9C-63C4D223D243}.Release|Any CPU.ActiveCfg = Release|Any CPU
		{986EEC4D-354C-4195-8A9C-63C4D223D243}.Release|Any CPU.Build.0 = Release|Any CPU
		{986EEC4D-354C-4195-8A9C-63C4D223D243}.Release|x64.ActiveCfg = Release|Any CPU
		{986EEC4D-354C-4195-8A9C-63C4D223D243}.Release|x64.Build.0 = Release|Any CPU
		{986EEC4D-354C-4195-8A9C-63C4D223D243}.Release|x86.ActiveCfg = Release|Any CPU
		{986EEC4D-354C-4195-8A9C-63C4D223D243}.Release|x86.Build.0 = Release|Any CPU
		{B82942A9-5A28-40E6-A1DC-91C6D17A6B46}.Debug|Any CPU.ActiveCfg = Debug|Any CPU
		{B82942A9-5A28-40E6-A1DC-91C6D17A6B46}.Debug|Any CPU.Build.0 = Debug|Any CPU
		{B82942A9-5A28-40E6-A1DC-91C6D17A6B46}.Debug|x64.ActiveCfg = Debug|Any CPU
		{B82942A9-5A28-40E6-A1DC-91C6D17A6B46}.Debug|x64.Build.0 = Debug|Any CPU
		{B82942A9-5A28-40E6-A1DC-91C6D17A6B46}.Debug|x86.ActiveCfg = Debug|Any CPU
		{B82942A9-5A28-40E6-A1DC-91C6D17A6B46}.Debug|x86.Build.0 = Debug|Any CPU
		{B82942A9-5A28-40E6-A1DC-91C6D17A6B46}.Release|Any CPU.ActiveCfg = Release|Any CPU
		{B82942A9-5A28-40E6-A1DC-91C6D17A6B46}.Release|Any CPU.Build.0 = Release|Any CPU
		{B82942A9-5A28-40E6-A1DC-91C6D17A6B46}.Release|x64.ActiveCfg = Release|Any CPU
		{B82942A9-5A28-40E6-A1DC-91C6D17A6B46}.Release|x64.Build.0 = Release|Any CPU
		{B82942A9-5A28-40E6-A1DC-91C6D17A6B46}.Release|x86.ActiveCfg = Release|Any CPU
		{B82942A9-5A28-40E6-A1DC-91C6D17A6B46}.Release|x86.Build.0 = Release|Any CPU
		{CEFF6D2D-AC69-4DAE-90D6-02A4AB8BE4D7}.Debug|Any CPU.ActiveCfg = Debug|Any CPU
		{CEFF6D2D-AC69-4DAE-90D6-02A4AB8BE4D7}.Debug|Any CPU.Build.0 = Debug|Any CPU
		{CEFF6D2D-AC69-4DAE-90D6-02A4AB8BE4D7}.Debug|x64.ActiveCfg = Debug|Any CPU
		{CEFF6D2D-AC69-4DAE-90D6-02A4AB8BE4D7}.Debug|x64.Build.0 = Debug|Any CPU
		{CEFF6D2D-AC69-4DAE-90D6-02A4AB8BE4D7}.Debug|x86.ActiveCfg = Debug|Any CPU
		{CEFF6D2D-AC69-4DAE-90D6-02A4AB8BE4D7}.Debug|x86.Build.0 = Debug|Any CPU
		{CEFF6D2D-AC69-4DAE-90D6-02A4AB8BE4D7}.Release|Any CPU.ActiveCfg = Release|Any CPU
		{CEFF6D2D-AC69-4DAE-90D6-02A4AB8BE4D7}.Release|Any CPU.Build.0 = Release|Any CPU
		{CEFF6D2D-AC69-4DAE-90D6-02A4AB8BE4D7}.Release|x64.ActiveCfg = Release|Any CPU
		{CEFF6D2D-AC69-4DAE-90D6-02A4AB8BE4D7}.Release|x64.Build.0 = Release|Any CPU
		{CEFF6D2D-AC69-4DAE-90D6-02A4AB8BE4D7}.Release|x86.ActiveCfg = Release|Any CPU
		{CEFF6D2D-AC69-4DAE-90D6-02A4AB8BE4D7}.Release|x86.Build.0 = Release|Any CPU
		{1498CE08-94CF-4B4A-A2C1-5787D98A404B}.Debug|Any CPU.ActiveCfg = Debug|Any CPU
		{1498CE08-94CF-4B4A-A2C1-5787D98A404B}.Debug|Any CPU.Build.0 = Debug|Any CPU
		{1498CE08-94CF-4B4A-A2C1-5787D98A404B}.Debug|x64.ActiveCfg = Debug|Any CPU
		{1498CE08-94CF-4B4A-A2C1-5787D98A404B}.Debug|x64.Build.0 = Debug|Any CPU
		{1498CE08-94CF-4B4A-A2C1-5787D98A404B}.Debug|x86.ActiveCfg = Debug|Any CPU
		{1498CE08-94CF-4B4A-A2C1-5787D98A404B}.Debug|x86.Build.0 = Debug|Any CPU
		{1498CE08-94CF-4B4A-A2C1-5787D98A404B}.Release|Any CPU.ActiveCfg = Release|Any CPU
		{1498CE08-94CF-4B4A-A2C1-5787D98A404B}.Release|Any CPU.Build.0 = Release|Any CPU
		{1498CE08-94CF-4B4A-A2C1-5787D98A404B}.Release|x64.ActiveCfg = Release|Any CPU
		{1498CE08-94CF-4B4A-A2C1-5787D98A404B}.Release|x64.Build.0 = Release|Any CPU
		{1498CE08-94CF-4B4A-A2C1-5787D98A404B}.Release|x86.ActiveCfg = Release|Any CPU
		{1498CE08-94CF-4B4A-A2C1-5787D98A404B}.Release|x86.Build.0 = Release|Any CPU
		{C74166ED-BFCF-4EC5-91AB-3BBBD483E6BE}.Debug|Any CPU.ActiveCfg = Debug|Any CPU
		{C74166ED-BFCF-4EC5-91AB-3BBBD483E6BE}.Debug|Any CPU.Build.0 = Debug|Any CPU
		{C74166ED-BFCF-4EC5-91AB-3BBBD483E6BE}.Debug|x64.ActiveCfg = Debug|Any CPU
		{C74166ED-BFCF-4EC5-91AB-3BBBD483E6BE}.Debug|x64.Build.0 = Debug|Any CPU
		{C74166ED-BFCF-4EC5-91AB-3BBBD483E6BE}.Debug|x86.ActiveCfg = Debug|Any CPU
		{C74166ED-BFCF-4EC5-91AB-3BBBD483E6BE}.Debug|x86.Build.0 = Debug|Any CPU
		{C74166ED-BFCF-4EC5-91AB-3BBBD483E6BE}.Release|Any CPU.ActiveCfg = Release|Any CPU
		{C74166ED-BFCF-4EC5-91AB-3BBBD483E6BE}.Release|Any CPU.Build.0 = Release|Any CPU
		{C74166ED-BFCF-4EC5-91AB-3BBBD483E6BE}.Release|x64.ActiveCfg = Release|Any CPU
		{C74166ED-BFCF-4EC5-91AB-3BBBD483E6BE}.Release|x64.Build.0 = Release|Any CPU
		{C74166ED-BFCF-4EC5-91AB-3BBBD483E6BE}.Release|x86.ActiveCfg = Release|Any CPU
		{C74166ED-BFCF-4EC5-91AB-3BBBD483E6BE}.Release|x86.Build.0 = Release|Any CPU
		{37703123-E03C-4B93-A77B-109F554E7BB1}.Debug|Any CPU.ActiveCfg = Debug|Any CPU
		{37703123-E03C-4B93-A77B-109F554E7BB1}.Debug|Any CPU.Build.0 = Debug|Any CPU
		{37703123-E03C-4B93-A77B-109F554E7BB1}.Debug|x64.ActiveCfg = Debug|Any CPU
		{37703123-E03C-4B93-A77B-109F554E7BB1}.Debug|x64.Build.0 = Debug|Any CPU
		{37703123-E03C-4B93-A77B-109F554E7BB1}.Debug|x86.ActiveCfg = Debug|Any CPU
		{37703123-E03C-4B93-A77B-109F554E7BB1}.Debug|x86.Build.0 = Debug|Any CPU
		{37703123-E03C-4B93-A77B-109F554E7BB1}.Release|Any CPU.ActiveCfg = Release|Any CPU
		{37703123-E03C-4B93-A77B-109F554E7BB1}.Release|Any CPU.Build.0 = Release|Any CPU
		{37703123-E03C-4B93-A77B-109F554E7BB1}.Release|x64.ActiveCfg = Release|Any CPU
		{37703123-E03C-4B93-A77B-109F554E7BB1}.Release|x64.Build.0 = Release|Any CPU
		{37703123-E03C-4B93-A77B-109F554E7BB1}.Release|x86.ActiveCfg = Release|Any CPU
		{37703123-E03C-4B93-A77B-109F554E7BB1}.Release|x86.Build.0 = Release|Any CPU
		{E533D650-B679-4871-A674-8F6515185585}.Debug|Any CPU.ActiveCfg = Debug|Any CPU
		{E533D650-B679-4871-A674-8F6515185585}.Debug|Any CPU.Build.0 = Debug|Any CPU
		{E533D650-B679-4871-A674-8F6515185585}.Debug|x64.ActiveCfg = Debug|Any CPU
		{E533D650-B679-4871-A674-8F6515185585}.Debug|x64.Build.0 = Debug|Any CPU
		{E533D650-B679-4871-A674-8F6515185585}.Debug|x86.ActiveCfg = Debug|Any CPU
		{E533D650-B679-4871-A674-8F6515185585}.Debug|x86.Build.0 = Debug|Any CPU
		{E533D650-B679-4871-A674-8F6515185585}.Release|Any CPU.ActiveCfg = Release|Any CPU
		{E533D650-B679-4871-A674-8F6515185585}.Release|Any CPU.Build.0 = Release|Any CPU
		{E533D650-B679-4871-A674-8F6515185585}.Release|x64.ActiveCfg = Release|Any CPU
		{E533D650-B679-4871-A674-8F6515185585}.Release|x64.Build.0 = Release|Any CPU
		{E533D650-B679-4871-A674-8F6515185585}.Release|x86.ActiveCfg = Release|Any CPU
		{E533D650-B679-4871-A674-8F6515185585}.Release|x86.Build.0 = Release|Any CPU
		{4F94CCA6-A9CC-4E70-B05D-5A889A9FE047}.Debug|Any CPU.ActiveCfg = Debug|Any CPU
		{4F94CCA6-A9CC-4E70-B05D-5A889A9FE047}.Debug|Any CPU.Build.0 = Debug|Any CPU
		{4F94CCA6-A9CC-4E70-B05D-5A889A9FE047}.Debug|x64.ActiveCfg = Debug|Any CPU
		{4F94CCA6-A9CC-4E70-B05D-5A889A9FE047}.Debug|x64.Build.0 = Debug|Any CPU
		{4F94CCA6-A9CC-4E70-B05D-5A889A9FE047}.Debug|x86.ActiveCfg = Debug|Any CPU
		{4F94CCA6-A9CC-4E70-B05D-5A889A9FE047}.Debug|x86.Build.0 = Debug|Any CPU
		{4F94CCA6-A9CC-4E70-B05D-5A889A9FE047}.Release|Any CPU.ActiveCfg = Release|Any CPU
		{4F94CCA6-A9CC-4E70-B05D-5A889A9FE047}.Release|Any CPU.Build.0 = Release|Any CPU
		{4F94CCA6-A9CC-4E70-B05D-5A889A9FE047}.Release|x64.ActiveCfg = Release|Any CPU
		{4F94CCA6-A9CC-4E70-B05D-5A889A9FE047}.Release|x64.Build.0 = Release|Any CPU
		{4F94CCA6-A9CC-4E70-B05D-5A889A9FE047}.Release|x86.ActiveCfg = Release|Any CPU
		{4F94CCA6-A9CC-4E70-B05D-5A889A9FE047}.Release|x86.Build.0 = Release|Any CPU
		{46CA27C8-15AF-49E0-91E0-DBD88C0B1C25}.Debug|Any CPU.ActiveCfg = Debug|Any CPU
		{46CA27C8-15AF-49E0-91E0-DBD88C0B1C25}.Debug|Any CPU.Build.0 = Debug|Any CPU
		{46CA27C8-15AF-49E0-91E0-DBD88C0B1C25}.Debug|x64.ActiveCfg = Debug|Any CPU
		{46CA27C8-15AF-49E0-91E0-DBD88C0B1C25}.Debug|x64.Build.0 = Debug|Any CPU
		{46CA27C8-15AF-49E0-91E0-DBD88C0B1C25}.Debug|x86.ActiveCfg = Debug|Any CPU
		{46CA27C8-15AF-49E0-91E0-DBD88C0B1C25}.Debug|x86.Build.0 = Debug|Any CPU
		{46CA27C8-15AF-49E0-91E0-DBD88C0B1C25}.Release|Any CPU.ActiveCfg = Release|Any CPU
		{46CA27C8-15AF-49E0-91E0-DBD88C0B1C25}.Release|Any CPU.Build.0 = Release|Any CPU
		{46CA27C8-15AF-49E0-91E0-DBD88C0B1C25}.Release|x64.ActiveCfg = Release|Any CPU
		{46CA27C8-15AF-49E0-91E0-DBD88C0B1C25}.Release|x64.Build.0 = Release|Any CPU
		{46CA27C8-15AF-49E0-91E0-DBD88C0B1C25}.Release|x86.ActiveCfg = Release|Any CPU
		{46CA27C8-15AF-49E0-91E0-DBD88C0B1C25}.Release|x86.Build.0 = Release|Any CPU
		{68596E74-6C8F-40E3-96AA-E71AFBAA068E}.Debug|Any CPU.ActiveCfg = Debug|Any CPU
		{68596E74-6C8F-40E3-96AA-E71AFBAA068E}.Debug|Any CPU.Build.0 = Debug|Any CPU
		{68596E74-6C8F-40E3-96AA-E71AFBAA068E}.Debug|x64.ActiveCfg = Debug|Any CPU
		{68596E74-6C8F-40E3-96AA-E71AFBAA068E}.Debug|x64.Build.0 = Debug|Any CPU
		{68596E74-6C8F-40E3-96AA-E71AFBAA068E}.Debug|x86.ActiveCfg = Debug|Any CPU
		{68596E74-6C8F-40E3-96AA-E71AFBAA068E}.Debug|x86.Build.0 = Debug|Any CPU
		{68596E74-6C8F-40E3-96AA-E71AFBAA068E}.Release|Any CPU.ActiveCfg = Release|Any CPU
		{68596E74-6C8F-40E3-96AA-E71AFBAA068E}.Release|Any CPU.Build.0 = Release|Any CPU
		{68596E74-6C8F-40E3-96AA-E71AFBAA068E}.Release|x64.ActiveCfg = Release|Any CPU
		{68596E74-6C8F-40E3-96AA-E71AFBAA068E}.Release|x64.Build.0 = Release|Any CPU
		{68596E74-6C8F-40E3-96AA-E71AFBAA068E}.Release|x86.ActiveCfg = Release|Any CPU
		{68596E74-6C8F-40E3-96AA-E71AFBAA068E}.Release|x86.Build.0 = Release|Any CPU
		{7658C296-567D-48CC-A6CB-831343B3477A}.Debug|Any CPU.ActiveCfg = Debug|Any CPU
		{7658C296-567D-48CC-A6CB-831343B3477A}.Debug|Any CPU.Build.0 = Debug|Any CPU
		{7658C296-567D-48CC-A6CB-831343B3477A}.Debug|x64.ActiveCfg = Debug|Any CPU
		{7658C296-567D-48CC-A6CB-831343B3477A}.Debug|x64.Build.0 = Debug|Any CPU
		{7658C296-567D-48CC-A6CB-831343B3477A}.Debug|x86.ActiveCfg = Debug|Any CPU
		{7658C296-567D-48CC-A6CB-831343B3477A}.Debug|x86.Build.0 = Debug|Any CPU
		{7658C296-567D-48CC-A6CB-831343B3477A}.Release|Any CPU.ActiveCfg = Release|Any CPU
		{7658C296-567D-48CC-A6CB-831343B3477A}.Release|Any CPU.Build.0 = Release|Any CPU
		{7658C296-567D-48CC-A6CB-831343B3477A}.Release|x64.ActiveCfg = Release|Any CPU
		{7658C296-567D-48CC-A6CB-831343B3477A}.Release|x64.Build.0 = Release|Any CPU
		{7658C296-567D-48CC-A6CB-831343B3477A}.Release|x86.ActiveCfg = Release|Any CPU
		{7658C296-567D-48CC-A6CB-831343B3477A}.Release|x86.Build.0 = Release|Any CPU
	EndGlobalSection
	GlobalSection(SolutionProperties) = preSolution
		HideSolutionNode = FALSE
	EndGlobalSection
	GlobalSection(NestedProjects) = preSolution
		{A7A34DF5-19AB-4527-80D7-736F30F57890} = {827E0CD3-B72D-47B6-A68D-7590B98EB39B}
		{986EEC4D-354C-4195-8A9C-63C4D223D243} = {827E0CD3-B72D-47B6-A68D-7590B98EB39B}
		{B82942A9-5A28-40E6-A1DC-91C6D17A6B46} = {827E0CD3-B72D-47B6-A68D-7590B98EB39B}
		{CEFF6D2D-AC69-4DAE-90D6-02A4AB8BE4D7} = {827E0CD3-B72D-47B6-A68D-7590B98EB39B}
		{A9BCC9B1-8C24-AF20-8495-6632BDBA92FC} = {0AB3BF05-4346-4AA6-1389-037BE0695223}
		{1498CE08-94CF-4B4A-A2C1-5787D98A404B} = {A9BCC9B1-8C24-AF20-8495-6632BDBA92FC}
		{9BBC86EB-7377-1CA5-5823-B17B9F32D1D8} = {0AB3BF05-4346-4AA6-1389-037BE0695223}
		{C74166ED-BFCF-4EC5-91AB-3BBBD483E6BE} = {9BBC86EB-7377-1CA5-5823-B17B9F32D1D8}
		{ABE259AD-A113-EEB2-4E8E-593A72DF8972} = {0AB3BF05-4346-4AA6-1389-037BE0695223}
		{37703123-E03C-4B93-A77B-109F554E7BB1} = {ABE259AD-A113-EEB2-4E8E-593A72DF8972}
		{EEA067D6-3F42-08E2-0A94-13FB9A9C74F7} = {0AB3BF05-4346-4AA6-1389-037BE0695223}
		{E533D650-B679-4871-A674-8F6515185585} = {EEA067D6-3F42-08E2-0A94-13FB9A9C74F7}
		{C94B660C-A4E0-B095-65C2-9D3CE97E70A7} = {0AB3BF05-4346-4AA6-1389-037BE0695223}
		{4F94CCA6-A9CC-4E70-B05D-5A889A9FE047} = {C94B660C-A4E0-B095-65C2-9D3CE97E70A7}
		{5BE02CF7-F939-8E15-C4E4-B5948CD3C185} = {0AB3BF05-4346-4AA6-1389-037BE0695223}
		{46CA27C8-15AF-49E0-91E0-DBD88C0B1C25} = {5BE02CF7-F939-8E15-C4E4-B5948CD3C185}
		{68596E74-6C8F-40E3-96AA-E71AFBAA068E} = {827E0CD3-B72D-47B6-A68D-7590B98EB39B}
		{AB84A05B-775B-513D-B8D4-5D592E331817} = {0AB3BF05-4346-4AA6-1389-037BE0695223}
		{7658C296-567D-48CC-A6CB-831343B3477A} = {AB84A05B-775B-513D-B8D4-5D592E331817}
	EndGlobalSection
EndGlobal
