
Microsoft Visual Studio Solution File, Format Version 12.00
# Visual Studio Version 18
VisualStudioVersion = 18.5.11723.231
MinimumVisualStudioVersion = 10.0.40219.1
Project("{2150E333-8FDC-42A3-9474-1A3956D46DE8}") = "src", "src", "{827E0CD3-B72D-47B6-A68D-7590B98EB39B}"
EndProject
Project("{FAE04EC0-301F-11D3-BF4B-00C04F79EFBC}") = "Course.Domain", "src\Course.Domain\Course.Domain.csproj", "{A7A34DF5-19AB-4527-80D7-736F30F57890}"
EndProject
Project("{FAE04EC0-301F-11D3-BF4B-00C04F79EFBC}") = "Course.Application", "src\Course.Application\Course.Application.csproj", "{986EEC4D-354C-4195-8A9C-63C4D223D243}"
EndProject
Project("{FAE04EC0-301F-11D3-BF4B-00C04F79EFBC}") = "Course.Infrastructure", "src\Course.Infrastructure\Course.Infrastructure.csproj", "{B82942A9-5A28-40E6-A1DC-91C6D17A6B46}"
EndProject
Project("{FAE04EC0-301F-11D3-BF4B-00C04F79EFBC}") = "Course.Api", "src\Course.Api\Course.Api.csproj", "{CEFF6D2D-AC69-4DAE-90D6-02A4AB8BE4D7}"
EndProject
Project("{FAE04EC0-301F-11D3-BF4B-00C04F79EFBC}") = "Course.Web", "src\Course.Web\Course.Web.csproj", "{68596E74-6C8F-40E3-96AA-E71AFBAA068E}"
EndProject
Project("{2150E333-8FDC-42A3-9474-1A3956D46DE8}") = "01-UnitTest", "01-UnitTest", "{8C4BA0F7-8AB4-4F0E-ACAC-880A8C615178}"
EndProject
Project("{FAE04EC0-301F-11D3-BF4B-00C04F79EFBC}") = "Course.UnitTest", "Course.UnitTest\Course.UnitTest.csproj", "{F149FD7E-B10A-40EA-8977-61B33778EFFB}"
EndProject
Project("{2150E333-8FDC-42A3-9474-1A3956D46DE8}") = "02-IntegrationTest", "02-IntegrationTest", "{EB6E04C7-9A1A-4211-9B1D-BA3A5FD28DF3}"
EndProject
Project("{FAE04EC0-301F-11D3-BF4B-00C04F79EFBC}") = "Course.Api.IntegrationTest", "Course.Api.IntegrationTest\Course.Api.IntegrationTest.csproj", "{92EE9FC7-C72B-4CB0-BC04-D5D7A652B4C9}"
EndProject
Project("{2150E333-8FDC-42A3-9474-1A3956D46DE8}") = "03-E2E-test", "03-E2E-test", "{722C68B7-1140-4A64-AC55-32A3C7040F85}"
EndProject
Project("{FAE04EC0-301F-11D3-BF4B-00C04F79EFBC}") = "Course.Web.E2ETest", "Course.Web.E2ETest\Course.Web.E2ETest.csproj", "{F5C7F4E0-D1CB-4882-9207-5E612AD147BD}"
EndProject
Global
	GlobalSection(SolutionConfigurationPlatforms) = preSolution
		Debug|Any CPU = Debug|Any CPU
		Debug|x64 = Debug|x64
		Debug|x86 = Debug|x86
		Release|Any CPU = Release|Any CPU
		Release|x64 = Release|x64
		Release|x86 = Release|x86
	EndGlobalSection
	GlobalSection(ProjectConfigurationPlatforms) = postSolution
		{A7A34DF5-19AB-4527-80D7-736F30F57890}.Debug|Any CPU.ActiveCfg = Debug|Any CPU
		{A7A34DF5-19AB-4527-80D7-736F30F57890}.Debug|Any CPU.Build.0 = Debug|Any CPU
		{A7A34DF5-19AB-4527-80D7-736F30F57890}.Debug|x64.ActiveCfg = Debug|Any CPU
		{A7A34DF5-19AB-4527-80D7-736F30F57890}.Debug|x64.Build.0 = Debug|Any CPU
		{A7A34DF5-19AB-4527-80D7-736F30F57890}.Debug|x86.ActiveCfg = Debug|Any CPU
		{A7A34DF5-19AB-4527-80D7-736F30F57890}.Debug|x86.Build.0 = Debug|Any CPU
		{A7A34DF5-19AB-4527-80D7-736F30F57890}.Release|Any CPU.ActiveCfg = Release|Any CPU
		{A7A34DF5-19AB-4527-80D7-736F30F57890}.Release|Any CPU.Build.0 = Release|Any CPU
		{A7A34DF5-19AB-4527-80D7-736F30F57890}.Release|x64.ActiveCfg = Release|Any CPU
		{A7A34DF5-19AB-4527-80D7-736F30F57890}.Release|x64.Build.0 = Release|Any CPU
		{A7A34DF5-19AB-4527-80D7-736F30F57890}.Release|x86.ActiveCfg = Release|Any CPU
		{A7A34DF5-19AB-4527-80D7-736F30F57890}.Release|x86.Build.0 = Release|Any CPU
		{986EEC4D-354C-4195-8A9C-63C4D223D243}.Debug|Any CPU.ActiveCfg = Debug|Any CPU
		{986EEC4D-354C-4195-8A9C-63C4D223D243}.Debug|Any CPU.Build.0 = Debug|Any CPU
		{986EEC4D-354C-4195-8A9C-63C4D223D243}.Debug|x64.ActiveCfg = Debug|Any CPU
		{986EEC4D-354C-4195-8A9C-63C4D223D243}.Debug|x64.Build.0 = Debug|Any CPU
		{986EEC4D-354C-4195-8A9C-63C4D223D243}.Debug|x86.ActiveCfg = Debug|Any CPU
		{986EEC4D-354C-4195-8A9C-63C4D223D243}.Debug|x86.Build.0 = Debug|Any CPU
		{986EEC4D-354C-4195-8A9C-63C4D223D243}.Release|Any CPU.ActiveCfg = Release|Any CPU
		{986EEC4D-354C-4195-8A9C-63C4D223D243}.Release|Any CPU.Build.0 = Release|Any CPU
		{986EEC4D-354C-4195-8A9C-63C4D223D243}.Release|x64.ActiveCfg = Release|Any CPU
		{986EEC4D-354C-4195-8A9C-63C4D223D243}.Release|x64.Build.0 = Release|Any CPU
		{986EEC4D-354C-4195-8A9C-63C4D223D243}.Release|x86.ActiveCfg = Release|Any CPU
		{986EEC4D-354C-4195-8A9C-63C4D223D243}.Release|x86.Build.0 = Release|Any CPU
		{B82942A9-5A28-40E6-A1DC-91C6D17A6B46}.Debug|Any CPU.ActiveCfg = Debug|Any CPU
		{B82942A9-5A28-40E6-A1DC-91C6D17A6B46}.Debug|Any CPU.Build.0 = Debug|Any CPU
		{B82942A9-5A28-40E6-A1DC-91C6D17A6B46}.Debug|x64.ActiveCfg = Debug|Any CPU
		{B82942A9-5A28-40E6-A1DC-91C6D17A6B46}.Debug|x64.Build.0 = Debug|Any CPU
		{B82942A9-5A28-40E6-A1DC-91C6D17A6B46}.Debug|x86.ActiveCfg = Debug|Any CPU
		{B82942A9-5A28-40E6-A1DC-91C6D17A6B46}.Debug|x86.Build.0 = Debug|Any CPU
		{B82942A9-5A28-40E6-A1DC-91C6D17A6B46}.Release|Any CPU.ActiveCfg = Release|Any CPU
		{B82942A9-5A28-40E6-A1DC-91C6D17A6B46}.Release|Any CPU.Build.0 = Release|Any CPU
		{B82942A9-5A28-40E6-A1DC-91C6D17A6B46}.Release|x64.ActiveCfg = Release|Any CPU
		{B82942A9-5A28-40E6-A1DC-91C6D17A6B46}.Release|x64.Build.0 = Release|Any CPU
		{B82942A9-5A28-40E6-A1DC-91C6D17A6B46}.Release|x86.ActiveCfg = Release|Any CPU
		{B82942A9-5A28-40E6-A1DC-91C6D17A6B46}.Release|x86.Build.0 = Release|Any CPU
		{CEFF6D2D-AC69-4DAE-90D6-02A4AB8BE4D7}.Debug|Any CPU.ActiveCfg = Debug|Any CPU
		{CEFF6D2D-AC69-4DAE-90D6-02A4AB8BE4D7}.Debug|Any CPU.Build.0 = Debug|Any CPU
		{CEFF6D2D-AC69-4DAE-90D6-02A4AB8BE4D7}.Debug|x64.ActiveCfg = Debug|Any CPU
		{CEFF6D2D-AC69-4DAE-90D6-02A4AB8BE4D7}.Debug|x64.Build.0 = Debug|Any CPU
		{CEFF6D2D-AC69-4DAE-90D6-02A4AB8BE4D7}.Debug|x86.ActiveCfg = Debug|Any CPU
		{CEFF6D2D-AC69-4DAE-90D6-02A4AB8BE4D7}.Debug|x86.Build.0 = Debug|Any CPU
		{CEFF6D2D-AC69-4DAE-90D6-02A4AB8BE4D7}.Release|Any CPU.ActiveCfg = Release|Any CPU
		{CEFF6D2D-AC69-4DAE-90D6-02A4AB8BE4D7}.Release|Any CPU.Build.0 = Release|Any CPU
		{CEFF6D2D-AC69-4DAE-90D6-02A4AB8BE4D7}.Release|x64.ActiveCfg = Release|Any CPU
		{CEFF6D2D-AC69-4DAE-90D6-02A4AB8BE4D7}.Release|x64.Build.0 = Release|Any CPU
		{CEFF6D2D-AC69-4DAE-90D6-02A4AB8BE4D7}.Release|x86.ActiveCfg = Release|Any CPU
		{CEFF6D2D-AC69-4DAE-90D6-02A4AB8BE4D7}.Release|x86.Build.0 = Release|Any CPU
		{68596E74-6C8F-40E3-96AA-E71AFBAA068E}.Debug|Any CPU.ActiveCfg = Debug|Any CPU
		{68596E74-6C8F-40E3-96AA-E71AFBAA068E}.Debug|Any CPU.Build.0 = Debug|Any CPU
		{68596E74-6C8F-40E3-96AA-E71AFBAA068E}.Debug|x64.ActiveCfg = Debug|Any CPU
		{68596E74-6C8F-40E3-96AA-E71AFBAA068E}.Debug|x64.Build.0 = Debug|Any CPU
		{68596E74-6C8F-40E3-96AA-E71AFBAA068E}.Debug|x86.ActiveCfg = Debug|Any CPU
		{68596E74-6C8F-40E3-96AA-E71AFBAA068E}.Debug|x86.Build.0 = Debug|Any CPU
		{68596E74-6C8F-40E3-96AA-E71AFBAA068E}.Release|Any CPU.ActiveCfg = Release|Any CPU
		{68596E74-6C8F-40E3-96AA-E71AFBAA068E}.Release|Any CPU.Build.0 = Release|Any CPU
		{68596E74-6C8F-40E3-96AA-E71AFBAA068E}.Release|x64.ActiveCfg = Release|Any CPU
		{68596E74-6C8F-40E3-96AA-E71AFBAA068E}.Release|x64.Build.0 = Release|Any CPU
		{68596E74-6C8F-40E3-96AA-E71AFBAA068E}.Release|x86.ActiveCfg = Release|Any CPU
		{68596E74-6C8F-40E3-96AA-E71AFBAA068E}.Release|x86.Build.0 = Release|Any CPU
		{F149FD7E-B10A-40EA-8977-61B33778EFFB}.Debug|Any CPU.ActiveCfg = Debug|Any CPU
		{F149FD7E-B10A-40EA-8977-61B33778EFFB}.Debug|Any CPU.Build.0 = Debug|Any CPU
		{F149FD7E-B10A-40EA-8977-61B33778EFFB}.Debug|x64.ActiveCfg = Debug|Any CPU
		{F149FD7E-B10A-40EA-8977-61B33778EFFB}.Debug|x64.Build.0 = Debug|Any CPU
		{F149FD7E-B10A-40EA-8977-61B33778EFFB}.Debug|x86.ActiveCfg = Debug|Any CPU
		{F149FD7E-B10A-40EA-8977-61B33778EFFB}.Debug|x86.Build.0 = Debug|Any CPU
		{F149FD7E-B10A-40EA-8977-61B33778EFFB}.Release|Any CPU.ActiveCfg = Release|Any CPU
		{F149FD7E-B10A-40EA-8977-61B33778EFFB}.Release|Any CPU.Build.0 = Release|Any CPU
		{F149FD7E-B10A-40EA-8977-61B33778EFFB}.Release|x64.ActiveCfg = Release|Any CPU
		{F149FD7E-B10A-40EA-8977-61B33778EFFB}.Release|x64.Build.0 = Release|Any CPU
		{F149FD7E-B10A-40EA-8977-61B33778EFFB}.Release|x86.ActiveCfg = Release|Any CPU
		{F149FD7E-B10A-40EA-8977-61B33778EFFB}.Release|x86.Build.0 = Release|Any CPU
		{92EE9FC7-C72B-4CB0-BC04-D5D7A652B4C9}.Debug|Any CPU.ActiveCfg = Debug|Any CPU
		{92EE9FC7-C72B-4CB0-BC04-D5D7A652B4C9}.Debug|Any CPU.Build.0 = Debug|Any CPU
		{92EE9FC7-C72B-4CB0-BC04-D5D7A652B4C9}.Debug|x64.ActiveCfg = Debug|Any CPU
		{92EE9FC7-C72B-4CB0-BC04-D5D7A652B4C9}.Debug|x64.Build.0 = Debug|Any CPU
		{92EE9FC7-C72B-4CB0-BC04-D5D7A652B4C9}.Debug|x86.ActiveCfg = Debug|Any CPU
		{92EE9FC7-C72B-4CB0-BC04-D5D7A652B4C9}.Debug|x86.Build.0 = Debug|Any CPU
		{92EE9FC7-C72B-4CB0-BC04-D5D7A652B4C9}.Release|Any CPU.ActiveCfg = Release|Any CPU
		{92EE9FC7-C72B-4CB0-BC04-D5D7A652B4C9}.Release|Any CPU.Build.0 = Release|Any CPU
		{92EE9FC7-C72B-4CB0-BC04-D5D7A652B4C9}.Release|x64.ActiveCfg = Release|Any CPU
		{92EE9FC7-C72B-4CB0-BC04-D5D7A652B4C9}.Release|x64.Build.0 = Release|Any CPU
		{92EE9FC7-C72B-4CB0-BC04-D5D7A652B4C9}.Release|x86.ActiveCfg = Release|Any CPU
		{92EE9FC7-C72B-4CB0-BC04-D5D7A652B4C9}.Release|x86.Build.0 = Release|Any CPU
		{F5C7F4E0-D1CB-4882-9207-5E612AD147BD}.Debug|Any CPU.ActiveCfg = Debug|Any CPU
		{F5C7F4E0-D1CB-4882-9207-5E612AD147BD}.Debug|Any CPU.Build.0 = Debug|Any CPU
		{F5C7F4E0-D1CB-4882-9207-5E612AD147BD}.Debug|x64.ActiveCfg = Debug|Any CPU
		{F5C7F4E0-D1CB-4882-9207-5E612AD147BD}.Debug|x64.Build.0 = Debug|Any CPU
		{F5C7F4E0-D1CB-4882-9207-5E612AD147BD}.Debug|x86.ActiveCfg = Debug|Any CPU
		{F5C7F4E0-D1CB-4882-9207-5E612AD147BD}.Debug|x86.Build.0 = Debug|Any CPU
		{F5C7F4E0-D1CB-4882-9207-5E612AD147BD}.Release|Any CPU.ActiveCfg = Release|Any CPU
		{F5C7F4E0-D1CB-4882-9207-5E612AD147BD}.Release|Any CPU.Build.0 = Release|Any CPU
		{F5C7F4E0-D1CB-4882-9207-5E612AD147BD}.Release|x64.ActiveCfg = Release|Any CPU
		{F5C7F4E0-D1CB-4882-9207-5E612AD147BD}.Release|x64.Build.0 = Release|Any CPU
		{F5C7F4E0-D1CB-4882-9207-5E612AD147BD}.Release|x86.ActiveCfg = Release|Any CPU
		{F5C7F4E0-D1CB-4882-9207-5E612AD147BD}.Release|x86.Build.0 = Release|Any CPU
	EndGlobalSection
	GlobalSection(SolutionProperties) = preSolution
		HideSolutionNode = FALSE
	EndGlobalSection
	GlobalSection(NestedProjects) = preSolution
		{A7A34DF5-19AB-4527-80D7-736F30F57890} = {827E0CD3-B72D-47B6-A68D-7590B98EB39B}
		{986EEC4D-354C-4195-8A9C-63C4D223D243} = {827E0CD3-B72D-47B6-A68D-7590B98EB39B}
		{B82942A9-5A28-40E6-A1DC-91C6D17A6B46} = {827E0CD3-B72D-47B6-A68D-7590B98EB39B}
		{CEFF6D2D-AC69-4DAE-90D6-02A4AB8BE4D7} = {827E0CD3-B72D-47B6-A68D-7590B98EB39B}
		{68596E74-6C8F-40E3-96AA-E71AFBAA068E} = {827E0CD3-B72D-47B6-A68D-7590B98EB39B}
		{F149FD7E-B10A-40EA-8977-61B33778EFFB} = {8C4BA0F7-8AB4-4F0E-ACAC-880A8C615178}
		{92EE9FC7-C72B-4CB0-BC04-D5D7A652B4C9} = {EB6E04C7-9A1A-4211-9B1D-BA3A5FD28DF3}
		{F5C7F4E0-D1CB-4882-9207-5E612AD147BD} = {722C68B7-1140-4A64-AC55-32A3C7040F85}
	EndGlobalSection
	GlobalSection(ExtensibilityGlobals) = postSolution
		SolutionGuid = {82265514-5B27-4141-BB50-EAED15D1CDB3}
	EndGlobalSection
EndGlobal
